
Microsoft Visual Studio Solution File, Format Version 12.00
# Visual Studio Version 16
VisualStudioVersion = 16.0.33927.289
MinimumVisualStudioVersion = 10.0.40219.1
Project("{FAE04EC0-301F-11D3-BF4B-00C04F79EFBC}") = "Tyuiu.NikitenkoPF.Sprint2.Task0.V7", "Tyuiu.NikitenkoPF.Sprint2.Task0.V7\Tyuiu.NikitenkoPF.Sprint2.Task0.V7.csproj", "{47C6693E-C552-4FB7-BAEC-86F8A8A3C006}"
EndProject
Project("{FAE04EC0-301F-11D3-BF4B-00C04F79EFBC}") = "Tyuiu.NikitenkoPF.Sprint2.Task0.V7.Test", "Tyuiu.NikitenkoPF.Sprint2.Task0.V7.Test\Tyuiu.NikitenkoPF.Sprint2.Task0.V7.Test.csproj", "{6C705062-972C-41A4-B279-B279048E55AE}"
EndProject
Project("{FAE04EC0-301F-11D3-BF4B-00C04F79EFBC}") = "Tyuiu.NikitenkoPF.Sprint2.Task0.V7.Lib", "Tyuiu.NikitenkoPF.Sprint2.Task0.V7.Lib\Tyuiu.NikitenkoPF.Sprint2.Task0.V7.Lib.csproj", "{755C79D0-9313-486F-B54F-F7EC356D7BFA}"
EndProject
Project("{2150E333-8FDC-42A3-9474-1A3956D46DE8}") = "Task1", "Task1", "{94CA88C4-ACE2-4D03-9140-907D63500144}"
EndProject
Project("{FAE04EC0-301F-11D3-BF4B-00C04F79EFBC}") = "Tyuiu.NikitenkoPF.Sprint2.Task1.V24", "Tyuiu.NikitenkoPF.Sprint2.Task1.V24\Tyuiu.NikitenkoPF.Sprint2.Task1.V24.csproj", "{01627D0B-3BA0-4AB0-8CBE-04C6495FA16B}"
EndProject
Project("{FAE04EC0-301F-11D3-BF4B-00C04F79EFBC}") = "Tyuiu.NikitenkoPF.Sprint2.Task1.V24.Test", "Tyuiu.NikitenkoPF.Sprint2.Task1.V24.Test\Tyuiu.NikitenkoPF.Sprint2.Task1.V24.Test.csproj", "{BD1AB4FA-EF5F-4375-9A3A-C813ACA2E105}"
EndProject
Project("{FAE04EC0-301F-11D3-BF4B-00C04F79EFBC}") = "Tyuiu.NikitenkoPF.Sprint2.Task1.V24.Lib", "Tyuiu.NikitenkoPF.Sprint2.Task1.V24.Lib\Tyuiu.NikitenkoPF.Sprint2.Task1.V24.Lib.csproj", "{A1C22C35-876B-4A04-ADB7-95FB15B569EA}"
EndProject
Project("{2150E333-8FDC-42A3-9474-1A3956D46DE8}") = "Task2", "Task2", "{41518D44-E622-4FD3-B8B5-D50A099097FB}"
EndProject
Project("{FAE04EC0-301F-11D3-BF4B-00C04F79EFBC}") = "Tyuiu.NikitenkoPF.Sprint2.Task2.V18", "Tyuiu.NikitenkoPF.Sprint2.Task2.V18\Tyuiu.NikitenkoPF.Sprint2.Task2.V18.csproj", "{0C0D48FA-390E-4CAB-A033-2176BF8B47F9}"
EndProject
Project("{FAE04EC0-301F-11D3-BF4B-00C04F79EFBC}") = "Tyuiu.NikitenkoPF.Sprint2.Task2.V18.Test", "Tyuiu.NikitenkoPF.Sprint2.Task2.V18.Test\Tyuiu.NikitenkoPF.Sprint2.Task2.V18.Test.csproj", "{738EF896-8BC4-44AD-B0B3-95DAF6DA32C4}"
EndProject
Project("{FAE04EC0-301F-11D3-BF4B-00C04F79EFBC}") = "Tyuiu.NikitenkoPF.Sprint2.Task2.V18.Lib", "Tyuiu.NikitenkoPF.Sprint2.Task2.V18.Lib\Tyuiu.NikitenkoPF.Sprint2.Task2.V18.Lib.csproj", "{D9AC4102-2C1F-4A40-85EC-F055637DAF3D}"
EndProject
Global
	GlobalSection(SolutionConfigurationPlatforms) = preSolution
		Debug|Any CPU = Debug|Any CPU
		Release|Any CPU = Release|Any CPU
	EndGlobalSection
	GlobalSection(ProjectConfigurationPlatforms) = postSolution
		{47C6693E-C552-4FB7-BAEC-86F8A8A3C006}.Debug|Any CPU.ActiveCfg = Debug|Any CPU
		{47C6693E-C552-4FB7-BAEC-86F8A8A3C006}.Debug|Any CPU.Build.0 = Debug|Any CPU
		{47C6693E-C552-4FB7-BAEC-86F8A8A3C006}.Release|Any CPU.ActiveCfg = Release|Any CPU
		{47C6693E-C552-4FB7-BAEC-86F8A8A3C006}.Release|Any CPU.Build.0 = Release|Any CPU
		{6C705062-972C-41A4-B279-B279048E55AE}.Debug|Any CPU.ActiveCfg = Debug|Any CPU
		{6C705062-972C-41A4-B279-B279048E55AE}.Debug|Any CPU.Build.0 = Debug|Any CPU
		{6C705062-972C-41A4-B279-B279048E55AE}.Release|Any CPU.ActiveCfg = Release|Any CPU
		{6C705062-972C-41A4-B279-B279048E55AE}.Release|Any CPU.Build.0 = Release|Any CPU
		{755C79D0-9313-486F-B54F-F7EC356D7BFA}.Debug|Any CPU.ActiveCfg = Debug|Any CPU
		{755C79D0-9313-486F-B54F-F7EC356D7BFA}.Debug|Any CPU.Build.0 = Debug|Any CPU
		{755C79D0-9313-486F-B54F-F7EC356D7BFA}.Release|Any CPU.ActiveCfg = Release|Any CPU
		{755C79D0-9313-486F-B54F-F7EC356D7BFA}.Release|Any CPU.Build.0 = Release|Any CPU
		{01627D0B-3BA0-4AB0-8CBE-04C6495FA16B}.Debug|Any CPU.ActiveCfg = Debug|Any CPU
		{01627D0B-3BA0-4AB0-8CBE-04C6495FA16B}.Debug|Any CPU.Build.0 = Debug|Any CPU
		{01627D0B-3BA0-4AB0-8CBE-04C6495FA16B}.Release|Any CPU.ActiveCfg = Release|Any CPU
		{01627D0B-3BA0-4AB0-8CBE-04C6495FA16B}.Release|Any CPU.Build.0 = Release|Any CPU
		{BD1AB4FA-EF5F-4375-9A3A-C813ACA2E105}.Debug|Any CPU.ActiveCfg = Debug|Any CPU
		{BD1AB4FA-EF5F-4375-9A3A-C813ACA2E105}.Debug|Any CPU.Build.0 = Debug|Any CPU
		{BD1AB4FA-EF5F-4375-9A3A-C813ACA2E105}.Release|Any CPU.ActiveCfg = Release|Any CPU
		{BD1AB4FA-EF5F-4375-9A3A-C813ACA2E105}.Release|Any CPU.Build.0 = Release|Any CPU
		{A1C22C35-876B-4A04-ADB7-95FB15B569EA}.Debug|Any CPU.ActiveCfg = Debug|Any CPU
		{A1C22C35-876B-4A04-ADB7-95FB15B569EA}.Debug|Any CPU.Build.0 = Debug|Any CPU
		{A1C22C35-876B-4A04-ADB7-95FB15B569EA}.Release|Any CPU.ActiveCfg = Release|Any CPU
		{A1C22C35-876B-4A04-ADB7-95FB15B569EA}.Release|Any CPU.Build.0 = Release|Any CPU
		{0C0D48FA-390E-4CAB-A033-2176BF8B47F9}.Debug|Any CPU.ActiveCfg = Debug|Any CPU
		{0C0D48FA-390E-4CAB-A033-2176BF8B47F9}.Debug|Any CPU.Build.0 = Debug|Any CPU
		{0C0D48FA-390E-4CAB-A033-2176BF8B47F9}.Release|Any CPU.ActiveCfg = Release|Any CPU
		{0C0D48FA-390E-4CAB-A033-2176BF8B47F9}.Release|Any CPU.Build.0 = Release|Any CPU
		{738EF896-8BC4-44AD-B0B3-95DAF6DA32C4}.Debug|Any CPU.ActiveCfg = Debug|Any CPU
		{738EF896-8BC4-44AD-B0B3-95DAF6DA32C4}.Debug|Any CPU.Build.0 = Debug|Any CPU
		{738EF896-8BC4-44AD-B0B3-95DAF6DA32C4}.Release|Any CPU.ActiveCfg = Release|Any CPU
		{738EF896-8BC4-44AD-B0B3-95DAF6DA32C4}.Release|Any CPU.Build.0 = Release|Any CPU
		{D9AC4102-2C1F-4A40-85EC-F055637DAF3D}.Debug|Any CPU.ActiveCfg = Debug|Any CPU
		{D9AC4102-2C1F-4A40-85EC-F055637DAF3D}.Debug|Any CPU.Build.0 = Debug|Any CPU
		{D9AC4102-2C1F-4A40-85EC-F055637DAF3D}.Release|Any CPU.ActiveCfg = Release|Any CPU
		{D9AC4102-2C1F-4A40-85EC-F055637DAF3D}.Release|Any CPU.Build.0 = Release|Any CPU
	EndGlobalSection
	GlobalSection(SolutionProperties) = preSolution
		HideSolutionNode = FALSE
	EndGlobalSection
	GlobalSection(NestedProjects) = preSolution
		{01627D0B-3BA0-4AB0-8CBE-04C6495FA16B} = {94CA88C4-ACE2-4D03-9140-907D63500144}
		{BD1AB4FA-EF5F-4375-9A3A-C813ACA2E105} = {94CA88C4-ACE2-4D03-9140-907D63500144}
		{A1C22C35-876B-4A04-ADB7-95FB15B569EA} = {94CA88C4-ACE2-4D03-9140-907D63500144}
		{0C0D48FA-390E-4CAB-A033-2176BF8B47F9} = {41518D44-E622-4FD3-B8B5-D50A099097FB}
		{738EF896-8BC4-44AD-B0B3-95DAF6DA32C4} = {41518D44-E622-4FD3-B8B5-D50A099097FB}
		{D9AC4102-2C1F-4A40-85EC-F055637DAF3D} = {41518D44-E622-4FD3-B8B5-D50A099097FB}
	EndGlobalSection
	GlobalSection(ExtensibilityGlobals) = postSolution
		SolutionGuid = {0311EDEB-720F-4088-B95D-CCF2E74FCD89}
	EndGlobalSection
EndGlobal
